
Microsoft Visual Studio Solution File, Format Version 11.00
# Visual Studio 2010
Project("{FAE04EC0-301F-11D3-BF4B-00C04F79EFBC}") = "BLToolkit.Fluent", "BLToolkit.Fluent\BLToolkit.Fluent.csproj", "{75DCCCB3-3A1D-45A9-A194-1315E45938E8}"
EndProject
Project("{FAE04EC0-301F-11D3-BF4B-00C04F79EFBC}") = "BLToolkit.Fluent.Test", "BLToolkit.Fluent.Test\BLToolkit.Fluent.Test.csproj", "{527300F8-9F04-434C-8239-4FE5E174FF6B}"
EndProject
Global
	GlobalSection(SolutionConfigurationPlatforms) = preSolution
		Debug|Any CPU = Debug|Any CPU
		Release|Any CPU = Release|Any CPU
	EndGlobalSection
	GlobalSection(ProjectConfigurationPlatforms) = postSolution
		{75DCCCB3-3A1D-45A9-A194-1315E45938E8}.Debug|Any CPU.ActiveCfg = Debug|Any CPU
		{75DCCCB3-3A1D-45A9-A194-1315E45938E8}.Debug|Any CPU.Build.0 = Debug|Any CPU
		{75DCCCB3-3A1D-45A9-A194-1315E45938E8}.Release|Any CPU.ActiveCfg = Release|Any CPU
		{75DCCCB3-3A1D-45A9-A194-1315E45938E8}.Release|Any CPU.Build.0 = Release|Any CPU
		{527300F8-9F04-434C-8239-4FE5E174FF6B}.Debug|Any CPU.ActiveCfg = Debug|Any CPU
		{527300F8-9F04-434C-8239-4FE5E174FF6B}.Debug|Any CPU.Build.0 = Debug|Any CPU
		{527300F8-9F04-434C-8239-4FE5E174FF6B}.Release|Any CPU.ActiveCfg = Release|Any CPU
		{527300F8-9F04-434C-8239-4FE5E174FF6B}.Release|Any CPU.Build.0 = Release|Any CPU
	EndGlobalSection
	GlobalSection(SolutionProperties) = preSolution
		HideSolutionNode = FALSE
	EndGlobalSection
EndGlobal
